
Microsoft Visual Studio Solution File, Format Version 12.00
# Visual Studio Version 17
VisualStudioVersion = 17.1.31911.260
MinimumVisualStudioVersion = 10.0.40219.1
Project("{FAE04EC0-301F-11D3-BF4B-00C04F79EFBC}") = "TestingStrykerIssues", "TestingStrykerIssues\TestingStrykerIssues.csproj", "{2C30BEAF-0F40-4DCF-9BC8-E94506EA7094}"
EndProject
Project("{FAE04EC0-301F-11D3-BF4B-00C04F79EFBC}") = "TestingStrykerIssues.Tests", "TestingStrykerIssues.Tests\TestingStrykerIssues.Tests.csproj", "{1263FC5C-3F52-42CD-B55F-420FB902EF06}"
EndProject
Global
	GlobalSection(SolutionConfigurationPlatforms) = preSolution
		Debug|x64 = Debug|x64
		Release|x64 = Release|x64
	EndGlobalSection
	GlobalSection(ProjectConfigurationPlatforms) = postSolution
		{2C30BEAF-0F40-4DCF-9BC8-E94506EA7094}.Debug|x64.ActiveCfg = Debug|x64
		{2C30BEAF-0F40-4DCF-9BC8-E94506EA7094}.Debug|x64.Build.0 = Debug|x64
		{2C30BEAF-0F40-4DCF-9BC8-E94506EA7094}.Release|x64.ActiveCfg = Release|x64
		{2C30BEAF-0F40-4DCF-9BC8-E94506EA7094}.Release|x64.Build.0 = Release|x64
		{1263FC5C-3F52-42CD-B55F-420FB902EF06}.Debug|x64.ActiveCfg = Debug|x64
		{1263FC5C-3F52-42CD-B55F-420FB902EF06}.Debug|x64.Build.0 = Debug|x64
		{1263FC5C-3F52-42CD-B55F-420FB902EF06}.Release|x64.ActiveCfg = Release|x64
		{1263FC5C-3F52-42CD-B55F-420FB902EF06}.Release|x64.Build.0 = Release|x64
	EndGlobalSection
	GlobalSection(SolutionProperties) = preSolution
		HideSolutionNode = FALSE
	EndGlobalSection
	GlobalSection(ExtensibilityGlobals) = postSolution
		SolutionGuid = {3CDAE698-20B3-428D-81DA-7B754CF11D7D}
	EndGlobalSection
EndGlobal
